
Microsoft Visual Studio Solution File, Format Version 12.00
# Visual Studio Version 17
VisualStudioVersion = 17.5.33530.505
MinimumVisualStudioVersion = 10.0.40219.1
Project("{FAE04EC0-301F-11D3-BF4B-00C04F79EFBC}") = "Task_6", "Task_6\Task_6.csproj", "{7792A42A-7AFC-4D78-AF47-C2ED093A9094}"
EndProject
Global
	GlobalSection(SolutionConfigurationPlatforms) = preSolution
		Debug|Any CPU = Debug|Any CPU
		Release|Any CPU = Release|Any CPU
	EndGlobalSection
	GlobalSection(ProjectConfigurationPlatforms) = postSolution
		{7792A42A-7AFC-4D78-AF47-C2ED093A9094}.Debug|Any CPU.ActiveCfg = Debug|Any CPU
		{7792A42A-7AFC-4D78-AF47-C2ED093A9094}.Debug|Any CPU.Build.0 = Debug|Any CPU
		{7792A42A-7AFC-4D78-AF47-C2ED093A9094}.Release|Any CPU.ActiveCfg = Release|Any CPU
		{7792A42A-7AFC-4D78-AF47-C2ED093A9094}.Release|Any CPU.Build.0 = Release|Any CPU
	EndGlobalSection
	GlobalSection(SolutionProperties) = preSolution
		HideSolutionNode = FALSE
	EndGlobalSection
	GlobalSection(ExtensibilityGlobals) = postSolution
		SolutionGuid = {26CF4C8F-A9B9-4EE9-8727-98D38F8E6670}
	EndGlobalSection
EndGlobal
